
Microsoft Visual Studio Solution File, Format Version 12.00
#
Project("{FAE04EC0-301F-11D3-BF4B-00C04F79EFBC}") = "DineEasy.Domain", "DineEasy.Domain\DineEasy.Domain.csproj", "{3CF64199-860D-4991-861A-F8125AC16088}"
EndProject
Project("{FAE04EC0-301F-11D3-BF4B-00C04F79EFBC}") = "DineEasy.Application", "DineEasy.Application\DineEasy.Application.csproj", "{B4072F2F-57FD-4E33-80BC-E044FC5F95E2}"
EndProject
Project("{FAE04EC0-301F-11D3-BF4B-00C04F79EFBC}") = "DineEasy.Infrastructure", "DineEasy.Infrastructure\DineEasy.Infrastructure.csproj", "{DCB62DD1-4FDC-462B-AC8D-5A169AB1E819}"
EndProject
Project("{FAE04EC0-301F-11D3-BF4B-00C04F79EFBC}") = "DineEasy.WebAPI", "DineEasy.WebAPI\DineEasy.WebAPI.csproj", "{BADC09C0-807B-4F07-B60E-F4D748889403}"
EndProject
Project("{FAE04EC0-301F-11D3-BF4B-00C04F79EFBC}") = "DineEasy.BlazorServer", "DineEasy.BlazorServer\DineEasy.BlazorServer.csproj", "{F80992E5-60EE-4077-A3CE-0B74FD75AF88}"
EndProject
Global
	GlobalSection(SolutionConfigurationPlatforms) = preSolution
		Debug|Any CPU = Debug|Any CPU
		Release|Any CPU = Release|Any CPU
	EndGlobalSection
	GlobalSection(ProjectConfigurationPlatforms) = postSolution
		{3CF64199-860D-4991-861A-F8125AC16088}.Debug|Any CPU.ActiveCfg = Debug|Any CPU
		{3CF64199-860D-4991-861A-F8125AC16088}.Debug|Any CPU.Build.0 = Debug|Any CPU
		{3CF64199-860D-4991-861A-F8125AC16088}.Release|Any CPU.ActiveCfg = Release|Any CPU
		{3CF64199-860D-4991-861A-F8125AC16088}.Release|Any CPU.Build.0 = Release|Any CPU
		{B4072F2F-57FD-4E33-80BC-E044FC5F95E2}.Debug|Any CPU.ActiveCfg = Debug|Any CPU
		{B4072F2F-57FD-4E33-80BC-E044FC5F95E2}.Debug|Any CPU.Build.0 = Debug|Any CPU
		{B4072F2F-57FD-4E33-80BC-E044FC5F95E2}.Release|Any CPU.ActiveCfg = Release|Any CPU
		{B4072F2F-57FD-4E33-80BC-E044FC5F95E2}.Release|Any CPU.Build.0 = Release|Any CPU
		{DCB62DD1-4FDC-462B-AC8D-5A169AB1E819}.Debug|Any CPU.ActiveCfg = Debug|Any CPU
		{DCB62DD1-4FDC-462B-AC8D-5A169AB1E819}.Debug|Any CPU.Build.0 = Debug|Any CPU
		{DCB62DD1-4FDC-462B-AC8D-5A169AB1E819}.Release|Any CPU.ActiveCfg = Release|Any CPU
		{DCB62DD1-4FDC-462B-AC8D-5A169AB1E819}.Release|Any CPU.Build.0 = Release|Any CPU
		{BADC09C0-807B-4F07-B60E-F4D748889403}.Debug|Any CPU.ActiveCfg = Debug|Any CPU
		{BADC09C0-807B-4F07-B60E-F4D748889403}.Debug|Any CPU.Build.0 = Debug|Any CPU
		{BADC09C0-807B-4F07-B60E-F4D748889403}.Release|Any CPU.ActiveCfg = Release|Any CPU
		{BADC09C0-807B-4F07-B60E-F4D748889403}.Release|Any CPU.Build.0 = Release|Any CPU
		{F80992E5-60EE-4077-A3CE-0B74FD75AF88}.Debug|Any CPU.ActiveCfg = Debug|Any CPU
		{F80992E5-60EE-4077-A3CE-0B74FD75AF88}.Debug|Any CPU.Build.0 = Debug|Any CPU
		{F80992E5-60EE-4077-A3CE-0B74FD75AF88}.Release|Any CPU.ActiveCfg = Release|Any CPU
		{F80992E5-60EE-4077-A3CE-0B74FD75AF88}.Release|Any CPU.Build.0 = Release|Any CPU
	EndGlobalSection
EndGlobal
